Microsoft Visual Studio Solution File, Format Version 11.00
# Visual Studio 2008

Project("{2490B168-956C-4304-003E-6367D306856E}") = "TrolltungaGame", "Assembly-CSharp.csproj", "{610B39A8-442F-901A-F038-227523234870}"
EndProject
Global
	GlobalSection(SolutionConfigurationPlatforms) = preSolution
		Debug|Any CPU = Debug|Any CPU
		Release|Any CPU = Release|Any CPU
	EndGlobalSection
	GlobalSection(ProjectConfigurationPlatforms) = postSolution
		{610B39A8-442F-901A-F038-227523234870}.Debug|Any CPU.ActiveCfg = Debug|Any CPU
		{610B39A8-442F-901A-F038-227523234870}.Debug|Any CPU.Build.0 = Debug|Any CPU
		{610B39A8-442F-901A-F038-227523234870}.Release|Any CPU.ActiveCfg = Release|Any CPU
		{610B39A8-442F-901A-F038-227523234870}.Release|Any CPU.Build.0 = Release|Any CPU
	EndGlobalSection
	GlobalSection(SolutionProperties) = preSolution
		HideSolutionNode = FALSE
	EndGlobalSection
	GlobalSection(MonoDevelopProperties) = preSolution
		StartupItem = Assembly-CSharp.csproj
	EndGlobalSection
EndGlobal
